PODS:
  - Cartography (1.1.0)
  - Malert (1.1.5):
    - Cartography (~> 1.1)

DEPENDENCIES:
  - Malert (from `../`)

EXTERNAL SOURCES:
  Malert:
    :path: ../

SPEC CHECKSUMS:
  Cartography: 0538ccb4044acbbda2266335fc58cb4228794d90
  Malert: e25bf78d4d4ea23b03c1882540fb24b672430c1b

PODFILE CHECKSUM: 74b915e073dcad13b9ddf42484d1b22ace7e65e4

COCOAPODS: 1.3.1
