PODS:
  - Cartography (2.0.0)
  - Malert (1.1.5):
    - Cartography (~> 2.0)

DEPENDENCIES:
  - Malert (from `../`)

EXTERNAL SOURCES:
  Malert:
    :path: "../"

SPEC CHECKSUMS:
  Cartography: d295eb25ab54bb57eecd8c2f04e9648c850f1281
  Malert: 1b2ee363459649a97812e011ab918e05d283036c

PODFILE CHECKSUM: 74b915e073dcad13b9ddf42484d1b22ace7e65e4

COCOAPODS: 1.2.1
