// !$*UTF8*$!
{
	archiveVersion = 1;
	classes = {
	};
	objectVersion = 46;
	objects = {

/* Begin PBXBuildFile section */
		1AE6D0AA3BDD71E0BBFBACB8 /* Pods_Malert_Example.framework in Frameworks */ = {isa = PBXBuildFile; fileRef = 0DEFA3CF468AD2C89AC6F2A8 /* Pods_Malert_Example.framework */; };
		607FACD61AFB9204008FA782 /* AppDelegate.swift in Sources */ = {isa = PBXBuildFile; fileRef = 607FACD51AFB9204008FA782 /* AppDelegate.swift */; };
		607FACDD1AFB9204008FA782 /* Images.xcassets in Resources */ = {isa = PBXBuildFile; fileRef = 607FACDC1AFB9204008FA782 /* Images.xcassets */; };
		607FACE01AFB9204008FA782 /* LaunchScreen.xib in Resources */ = {isa = PBXBuildFile; fileRef = 607FACDE1AFB9204008FA782 /* LaunchScreen.xib */; };
		FC0D8424210B7E6D0044EF5C /* Example8View.swift in Sources */ = {isa = PBXBuildFile; fileRef = FC0D8423210B7E6D0044EF5C /* Example8View.swift */; };
		FC0D8426210B7E770044EF5C /* Example8View.xib in Resources */ = {isa = PBXBuildFile; fileRef = FC0D8425210B7E770044EF5C /* Example8View.xib */; };
		FC0EA23A1E6A2C9100F3A527 /* CHANGELOG.md in Sources */ = {isa = PBXBuildFile; fileRef = FC0EA2391E6A2C9100F3A527 /* CHANGELOG.md */; };
		FC2182301DE4EB0B003F99AE /* FirstCustomView.xib in Resources */ = {isa = PBXBuildFile; fileRef = FC21822F1DE4EB0B003F99AE /* FirstCustomView.xib */; };
		FC2182321DE4EB29003F99AE /* FirstCustomView.swift in Sources */ = {isa = PBXBuildFile; fileRef = FC2182311DE4EB29003F99AE /* FirstCustomView.swift */; };
		FC87D8ED213716EE0006A7EF /* Example9View.swift in Sources */ = {isa = PBXBuildFile; fileRef = FC87D8EC213716EE0006A7EF /* Example9View.swift */; };
		FC87D8F0213725990006A7EF /* Example9TableViewCell.swift in Sources */ = {isa = PBXBuildFile; fileRef = FC87D8EE213725990006A7EF /* Example9TableViewCell.swift */; };
		FC87D8F1213725990006A7EF /* Example9TableViewCell.xib in Resources */ = {isa = PBXBuildFile; fileRef = FC87D8EF213725990006A7EF /* Example9TableViewCell.xib */; };
		FC881B2A20FF9CB20030629F /* ListExamples.swift in Sources */ = {isa = PBXBuildFile; fileRef = FC881B2920FF9CB20030629F /* ListExamples.swift */; };
		FC8F3A8F2101143700189BFC /* Example4View.swift in Sources */ = {isa = PBXBuildFile; fileRef = FC8F3A8E2101143700189BFC /* Example4View.swift */; };
		FC8F3A912101144000189BFC /* Example4View.xib in Resources */ = {isa = PBXBuildFile; fileRef = FC8F3A902101144000189BFC /* Example4View.xib */; };
		FC8F3A942101469D00189BFC /* Example5View.swift in Sources */ = {isa = PBXBuildFile; fileRef = FC8F3A932101469D00189BFC /* Example5View.swift */; };
		FC8F3A96210146A600189BFC /* Example5View.xib in Resources */ = {isa = PBXBuildFile; fileRef = FC8F3A95210146A600189BFC /* Example5View.xib */; };
		FCA4774D1DE6540D00AC9B3C /* Helper.swift in Sources */ = {isa = PBXBuildFile; fileRef = FCA4774C1DE6540D00AC9B3C /* Helper.swift */; };
		FCB2051E20FBEB5E009EB2BC /* BaseNavigationController.swift in Sources */ = {isa = PBXBuildFile; fileRef = FCB2051D20FBEB5E009EB2BC /* BaseNavigationController.swift */; };
		FCB2052120FBEB9C009EB2BC /* BaseViewController.swift in Sources */ = {isa = PBXBuildFile; fileRef = FCB2052020FBEB9C009EB2BC /* BaseViewController.swift */; };
		FCB2052420FBEBCB009EB2BC /* ListExamplesViewController.swift in Sources */ = {isa = PBXBuildFile; fileRef = FCB2052320FBEBCB009EB2BC /* ListExamplesViewController.swift */; };
		FCB2052620FBEC86009EB2BC /* Colors.swift in Sources */ = {isa = PBXBuildFile; fileRef = FCB2052520FBEC86009EB2BC /* Colors.swift */; };
		FCB2052A20FBF09F009EB2BC /* ExampleTableViewCell.swift in Sources */ = {isa = PBXBuildFile; fileRef = FCB2052820FBF09F009EB2BC /* ExampleTableViewCell.swift */; };
		FCB2052B20FBF09F009EB2BC /* ExampleTableViewCell.xib in Resources */ = {isa = PBXBuildFile; fileRef = FCB2052920FBF09F009EB2BC /* ExampleTableViewCell.xib */; };
		FCD67877210A6FA90012DFD2 /* Example7View.swift in Sources */ = {isa = PBXBuildFile; fileRef = FCD67876210A6FA90012DFD2 /* Example7View.swift */; };
		FCD67879210A6FB80012DFD2 /* Example7View.xib in Resources */ = {isa = PBXBuildFile; fileRef = FCD67878210A6FB80012DFD2 /* Example7View.xib */; };
		FCDF1D6B20FE21C100EEBFE9 /* Example2View.swift in Sources */ = {isa = PBXBuildFile; fileRef = FCDF1D6A20FE21C100EEBFE9 /* Example2View.swift */; };
		FCDF1D6D20FE21EA00EEBFE9 /* Example2View.xib in Resources */ = {isa = PBXBuildFile; fileRef = FCDF1D6C20FE21EA00EEBFE9 /* Example2View.xib */; };
		FCDF1D7820FE476600EEBFE9 /* Example3View.swift in Sources */ = {isa = PBXBuildFile; fileRef = FCDF1D7720FE476600EEBFE9 /* Example3View.swift */; };
		FCDF1D7A20FE476C00EEBFE9 /* Example3View.xib in Resources */ = {isa = PBXBuildFile; fileRef = FCDF1D7920FE476C00EEBFE9 /* Example3View.xib */; };
/* End PBXBuildFile section */

/* Begin PBXFileReference section */
		0DEFA3CF468AD2C89AC6F2A8 /* Pods_Malert_Example.framework */ = {isa = PBXFileReference; explicitFileType = wrapper.framework; includeInIndex = 0; path = Pods_Malert_Example.framework; sourceTree = BUILT_PRODUCTS_DIR; };
		21083D1D6390361B30853B37 /* Malert.podspec */ = {isa = PBXFileReference; includeInIndex = 1; lastKnownFileType = text; name = Malert.podspec; path = ../Malert.podspec; sourceTree = "<group>"; };
		607FACD01AFB9204008FA782 /* Malert_Example.app */ = {isa = PBXFileReference; explicitFileType = wrapper.application; includeInIndex = 0; path = Malert_Example.app; sourceTree = BUILT_PRODUCTS_DIR; };
		607FACD41AFB9204008FA782 /* Info.plist */ = {isa = PBXFileReference; lastKnownFileType = text.plist.xml; path = Info.plist; sourceTree = "<group>"; };
		607FACD51AFB9204008FA782 /* AppDelegate.swift */ = {isa = PBXFileReference; lastKnownFileType = sourcecode.swift; path = AppDelegate.swift; sourceTree = "<group>"; };
		607FACDC1AFB9204008FA782 /* Images.xcassets */ = {isa = PBXFileReference; lastKnownFileType = folder.assetcatalog; path = Images.xcassets; sourceTree = "<group>"; };
		607FACDF1AFB9204008FA782 /* Base */ = {isa = PBXFileReference; lastKnownFileType = file.xib; name = Base; path = Base.lproj/LaunchScreen.xib; sourceTree = "<group>"; };
		83E23EA6345EA39F3D02EEAE /* Pods-Malert_Example.debug.xcconfig */ = {isa = PBXFileReference; includeInIndex = 1; lastKnownFileType = text.xcconfig; name = "Pods-Malert_Example.debug.xcconfig"; path = "Pods/Target Support Files/Pods-Malert_Example/Pods-Malert_Example.debug.xcconfig"; sourceTree = "<group>"; };
		98737553F911AA11740A107E /* README.md */ = {isa = PBXFileReference; includeInIndex = 1; lastKnownFileType = net.daringfireball.markdown; name = README.md; path = ../README.md; sourceTree = "<group>"; };
		A2A84EB05579A47CCBE9BFD2 /* LICENSE */ = {isa = PBXFileReference; includeInIndex = 1; lastKnownFileType = text; name = LICENSE; path = ../LICENSE; sourceTree = "<group>"; };
		E20E16402CA0CDAB7FEB9383 /* Pods-Malert_Example.release.xcconfig */ = {isa = PBXFileReference; includeInIndex = 1; lastKnownFileType = text.xcconfig; name = "Pods-Malert_Example.release.xcconfig"; path = "Pods/Target Support Files/Pods-Malert_Example/Pods-Malert_Example.release.xcconfig"; sourceTree = "<group>"; };
		FC0D8423210B7E6D0044EF5C /* Example8View.swift */ = {isa = PBXFileReference; lastKnownFileType = sourcecode.swift; path = Example8View.swift; sourceTree = "<group>"; };
		FC0D8425210B7E770044EF5C /* Example8View.xib */ = {isa = PBXFileReference; lastKnownFileType = file.xib; path = Example8View.xib; sourceTree = "<group>"; };
		FC0EA2391E6A2C9100F3A527 /* CHANGELOG.md */ = {isa = PBXFileReference; fileEncoding = 4; lastKnownFileType = net.daringfireball.markdown; name = CHANGELOG.md; path = ../CHANGELOG.md; sourceTree = "<group>"; };
		FC21822F1DE4EB0B003F99AE /* FirstCustomView.xib */ = {isa = PBXFileReference; fileEncoding = 4; lastKnownFileType = file.xib; path = FirstCustomView.xib; sourceTree = "<group>"; };
		FC2182311DE4EB29003F99AE /* FirstCustomView.swift */ = {isa = PBXFileReference; fileEncoding = 4; lastKnownFileType = sourcecode.swift; path = FirstCustomView.swift; sourceTree = "<group>"; };
		FC87D8EC213716EE0006A7EF /* Example9View.swift */ = {isa = PBXFileReference; lastKnownFileType = sourcecode.swift; path = Example9View.swift; sourceTree = "<group>"; };
		FC87D8EE213725990006A7EF /* Example9TableViewCell.swift */ = {isa = PBXFileReference; lastKnownFileType = sourcecode.swift; path = Example9TableViewCell.swift; sourceTree = "<group>"; };
		FC87D8EF213725990006A7EF /* Example9TableViewCell.xib */ = {isa = PBXFileReference; lastKnownFileType = file.xib; path = Example9TableViewCell.xib; sourceTree = "<group>"; };
		FC881B2920FF9CB20030629F /* ListExamples.swift */ = {isa = PBXFileReference; lastKnownFileType = sourcecode.swift; path = ListExamples.swift; sourceTree = "<group>"; };
		FC8F3A8E2101143700189BFC /* Example4View.swift */ = {isa = PBXFileReference; lastKnownFileType = sourcecode.swift; path = Example4View.swift; sourceTree = "<group>"; };
		FC8F3A902101144000189BFC /* Example4View.xib */ = {isa = PBXFileReference; lastKnownFileType = file.xib; path = Example4View.xib; sourceTree = "<group>"; };
		FC8F3A932101469D00189BFC /* Example5View.swift */ = {isa = PBXFileReference; lastKnownFileType = sourcecode.swift; path = Example5View.swift; sourceTree = "<group>"; };
		FC8F3A95210146A600189BFC /* Example5View.xib */ = {isa = PBXFileReference; lastKnownFileType = file.xib; path = Example5View.xib; sourceTree = "<group>"; };
		FCA4774C1DE6540D00AC9B3C /* Helper.swift */ = {isa = PBXFileReference; fileEncoding = 4; lastKnownFileType = sourcecode.swift; path = Helper.swift; sourceTree = "<group>"; };
		FCB2051D20FBEB5E009EB2BC /* BaseNavigationController.swift */ = {isa = PBXFileReference; lastKnownFileType = sourcecode.swift; path = BaseNavigationController.swift; sourceTree = "<group>"; };
		FCB2052020FBEB9C009EB2BC /* BaseViewController.swift */ = {isa = PBXFileReference; lastKnownFileType = sourcecode.swift; path = BaseViewController.swift; sourceTree = "<group>"; };
		FCB2052320FBEBCB009EB2BC /* ListExamplesViewController.swift */ = {isa = PBXFileReference; lastKnownFileType = sourcecode.swift; path = ListExamplesViewController.swift; sourceTree = "<group>"; };
		FCB2052520FBEC86009EB2BC /* Colors.swift */ = {isa = PBXFileReference; lastKnownFileType = sourcecode.swift; path = Colors.swift; sourceTree = "<group>"; };
		FCB2052820FBF09F009EB2BC /* ExampleTableViewCell.swift */ = {isa = PBXFileReference; lastKnownFileType = sourcecode.swift; path = ExampleTableViewCell.swift; sourceTree = "<group>"; };
		FCB2052920FBF09F009EB2BC /* ExampleTableViewCell.xib */ = {isa = PBXFileReference; lastKnownFileType = file.xib; path = ExampleTableViewCell.xib; sourceTree = "<group>"; };
		FCD67876210A6FA90012DFD2 /* Example7View.swift */ = {isa = PBXFileReference; lastKnownFileType = sourcecode.swift; path = Example7View.swift; sourceTree = "<group>"; };
		FCD67878210A6FB80012DFD2 /* Example7View.xib */ = {isa = PBXFileReference; lastKnownFileType = file.xib; path = Example7View.xib; sourceTree = "<group>"; };
		FCDF1D6A20FE21C100EEBFE9 /* Example2View.swift */ = {isa = PBXFileReference; lastKnownFileType = sourcecode.swift; path = Example2View.swift; sourceTree = "<group>"; };
		FCDF1D6C20FE21EA00EEBFE9 /* Example2View.xib */ = {isa = PBXFileReference; lastKnownFileType = file.xib; path = Example2View.xib; sourceTree = "<group>"; };
		FCDF1D7720FE476600EEBFE9 /* Example3View.swift */ = {isa = PBXFileReference; lastKnownFileType = sourcecode.swift; path = Example3View.swift; sourceTree = "<group>"; };
		FCDF1D7920FE476C00EEBFE9 /* Example3View.xib */ = {isa = PBXFileReference; lastKnownFileType = file.xib; path = Example3View.xib; sourceTree = "<group>"; };
/* End PBXFileReference section */

/* Begin PBXFrameworksBuildPhase section */
		607FACCD1AFB9204008FA782 /* Frameworks */ = {
			isa = PBXFrameworksBuildPhase;
			buildActionMask = 2147483647;
			files = (
				1AE6D0AA3BDD71E0BBFBACB8 /* Pods_Malert_Example.framework in Frameworks */,
			);
			runOnlyForDeploymentPostprocessing = 0;
		};
/* End PBXFrameworksBuildPhase section */

/* Begin PBXGroup section */
		21AEA22EDB83CE74248F61B9 /* Pods */ = {
			isa = PBXGroup;
			children = (
				83E23EA6345EA39F3D02EEAE /* Pods-Malert_Example.debug.xcconfig */,
				E20E16402CA0CDAB7FEB9383 /* Pods-Malert_Example.release.xcconfig */,
			);
			name = Pods;
			sourceTree = "<group>";
		};
		241EEB115E0F6A1C6BF4DBE0 /* Frameworks */ = {
			isa = PBXGroup;
			children = (
				0DEFA3CF468AD2C89AC6F2A8 /* Pods_Malert_Example.framework */,
			);
			name = Frameworks;
			sourceTree = "<group>";
		};
		607FACC71AFB9204008FA782 = {
			isa = PBXGroup;
			children = (
				607FACF51AFB993E008FA782 /* Podspec Metadata */,
				607FACD21AFB9204008FA782 /* Example for Malert */,
				607FACD11AFB9204008FA782 /* Products */,
				21AEA22EDB83CE74248F61B9 /* Pods */,
				241EEB115E0F6A1C6BF4DBE0 /* Frameworks */,
			);
			sourceTree = "<group>";
		};
		607FACD11AFB9204008FA782 /* Products */ = {
			isa = PBXGroup;
			children = (
				607FACD01AFB9204008FA782 /* Malert_Example.app */,
			);
			name = Products;
			sourceTree = "<group>";
		};
		607FACD21AFB9204008FA782 /* Example for Malert */ = {
			isa = PBXGroup;
			children = (
				FCA477491DE6533800AC9B3C /* util */,
				FCB2051F20FBEB86009EB2BC /* base */,
				FCB2052220FBEBAD009EB2BC /* listExamples */,
				FCB2052C20FBF80A009EB2BC /* examples */,
				607FACDE1AFB9204008FA782 /* LaunchScreen.xib */,
				607FACD51AFB9204008FA782 /* AppDelegate.swift */,
				607FACDC1AFB9204008FA782 /* Images.xcassets */,
				607FACD31AFB9204008FA782 /* Supporting Files */,
			);
			name = "Example for Malert";
			path = Malert;
			sourceTree = "<group>";
		};
		607FACD31AFB9204008FA782 /* Supporting Files */ = {
			isa = PBXGroup;
			children = (
				607FACD41AFB9204008FA782 /* Info.plist */,
			);
			name = "Supporting Files";
			sourceTree = "<group>";
		};
		607FACF51AFB993E008FA782 /* Podspec Metadata */ = {
			isa = PBXGroup;
			children = (
				21083D1D6390361B30853B37 /* Malert.podspec */,
				98737553F911AA11740A107E /* README.md */,
				FC0EA2391E6A2C9100F3A527 /* CHANGELOG.md */,
				A2A84EB05579A47CCBE9BFD2 /* LICENSE */,
			);
			name = "Podspec Metadata";
			sourceTree = "<group>";
		};
		FC0D8422210B7E480044EF5C /* example8 */ = {
			isa = PBXGroup;
			children = (
				FC0D8423210B7E6D0044EF5C /* Example8View.swift */,
				FC0D8425210B7E770044EF5C /* Example8View.xib */,
			);
			path = example8;
			sourceTree = "<group>";
		};
		FC87D8EB213714900006A7EF /* example9 */ = {
			isa = PBXGroup;
			children = (
				FC87D8EC213716EE0006A7EF /* Example9View.swift */,
				FC87D8EE213725990006A7EF /* Example9TableViewCell.swift */,
				FC87D8EF213725990006A7EF /* Example9TableViewCell.xib */,
			);
			path = example9;
			sourceTree = "<group>";
		};
		FC8F3A8D2101141700189BFC /* example4 */ = {
			isa = PBXGroup;
			children = (
				FC8F3A8E2101143700189BFC /* Example4View.swift */,
				FC8F3A902101144000189BFC /* Example4View.xib */,
			);
			path = example4;
			sourceTree = "<group>";
		};
		FC8F3A9221013EBD00189BFC /* example5 */ = {
			isa = PBXGroup;
			children = (
				FC8F3A932101469D00189BFC /* Example5View.swift */,
				FC8F3A95210146A600189BFC /* Example5View.xib */,
			);
			path = example5;
			sourceTree = "<group>";
		};
		FCA477491DE6533800AC9B3C /* util */ = {
			isa = PBXGroup;
			children = (
				FCA4774C1DE6540D00AC9B3C /* Helper.swift */,
				FCB2052520FBEC86009EB2BC /* Colors.swift */,
			);
			path = util;
			sourceTree = "<group>";
		};
		FCB2051F20FBEB86009EB2BC /* base */ = {
			isa = PBXGroup;
			children = (
				FCB2051D20FBEB5E009EB2BC /* BaseNavigationController.swift */,
				FCB2052020FBEB9C009EB2BC /* BaseViewController.swift */,
			);
			path = base;
			sourceTree = "<group>";
		};
		FCB2052220FBEBAD009EB2BC /* listExamples */ = {
			isa = PBXGroup;
			children = (
				FCB2052720FBF089009EB2BC /* view */,
				FCB2052320FBEBCB009EB2BC /* ListExamplesViewController.swift */,
				FC881B2920FF9CB20030629F /* ListExamples.swift */,
			);
			path = listExamples;
			sourceTree = "<group>";
		};
		FCB2052720FBF089009EB2BC /* view */ = {
			isa = PBXGroup;
			children = (
				FCB2052820FBF09F009EB2BC /* ExampleTableViewCell.swift */,
				FCB2052920FBF09F009EB2BC /* ExampleTableViewCell.xib */,
			);
			path = view;
			sourceTree = "<group>";
		};
		FCB2052C20FBF80A009EB2BC /* examples */ = {
			isa = PBXGroup;
			children = (
				FC87D8EB213714900006A7EF /* example9 */,
				FC0D8422210B7E480044EF5C /* example8 */,
				FCD67871210A6E110012DFD2 /* example7 */,
				FC8F3A9221013EBD00189BFC /* example5 */,
				FC8F3A8D2101141700189BFC /* example4 */,
				FCDF1D7620FE475400EEBFE9 /* example3 */,
				FCDF1D6920FE218500EEBFE9 /* example2 */,
				FCDF1D6820FE20ED00EEBFE9 /* example1 */,
			);
			path = examples;
			sourceTree = "<group>";
		};
		FCD67871210A6E110012DFD2 /* example7 */ = {
			isa = PBXGroup;
			children = (
				FCD67876210A6FA90012DFD2 /* Example7View.swift */,
				FCD67878210A6FB80012DFD2 /* Example7View.xib */,
			);
			path = example7;
			sourceTree = "<group>";
		};
		FCDF1D6820FE20ED00EEBFE9 /* example1 */ = {
			isa = PBXGroup;
			children = (
				FC2182311DE4EB29003F99AE /* FirstCustomView.swift */,
				FC21822F1DE4EB0B003F99AE /* FirstCustomView.xib */,
			);
			path = example1;
			sourceTree = "<group>";
		};
		FCDF1D6920FE218500EEBFE9 /* example2 */ = {
			isa = PBXGroup;
			children = (
				FCDF1D6A20FE21C100EEBFE9 /* Example2View.swift */,
				FCDF1D6C20FE21EA00EEBFE9 /* Example2View.xib */,
			);
			path = example2;
			sourceTree = "<group>";
		};
		FCDF1D7620FE475400EEBFE9 /* example3 */ = {
			isa = PBXGroup;
			children = (
				FCDF1D7720FE476600EEBFE9 /* Example3View.swift */,
				FCDF1D7920FE476C00EEBFE9 /* Example3View.xib */,
			);
			path = example3;
			sourceTree = "<group>";
		};
/* End PBXGroup section */

/* Begin PBXNativeTarget section */
		607FACCF1AFB9204008FA782 /* Malert_Example */ = {
			isa = PBXNativeTarget;
			buildConfigurationList = 607FACEF1AFB9204008FA782 /* Build configuration list for PBXNativeTarget "Malert_Example" */;
			buildPhases = (
				40710F1BD67382F46EF36769 /* [CP] Check Pods Manifest.lock */,
				607FACCC1AFB9204008FA782 /* Sources */,
				607FACCD1AFB9204008FA782 /* Frameworks */,
				607FACCE1AFB9204008FA782 /* Resources */,
				9F1A9335C3FCF99282245E90 /* [CP] Embed Pods Frameworks */,
			);
			buildRules = (
			);
			dependencies = (
			);
			name = Malert_Example;
			productName = Malert;
			productReference = 607FACD01AFB9204008FA782 /* Malert_Example.app */;
			productType = "com.apple.product-type.application";
		};
/* End PBXNativeTarget section */

/* Begin PBXProject section */
		607FACC81AFB9204008FA782 /* Project object */ = {
			isa = PBXProject;
			attributes = {
				LastSwiftUpdateCheck = 0720;
				LastUpgradeCheck = 1000;
				ORGANIZATIONNAME = CocoaPods;
				TargetAttributes = {
					607FACCF1AFB9204008FA782 = {
						CreatedOnToolsVersion = 6.3.1;
						DevelopmentTeam = KXWH4SC5H2;
						LastSwiftMigration = 0900;
						ProvisioningStyle = Automatic;
					};
				};
			};
			buildConfigurationList = 607FACCB1AFB9204008FA782 /* Build configuration list for PBXProject "Malert" */;
			compatibilityVersion = "Xcode 3.2";
			developmentRegion = en;
			hasScannedForEncodings = 0;
			knownRegions = (
				en,
				Base,
			);
			mainGroup = 607FACC71AFB9204008FA782;
			productRefGroup = 607FACD11AFB9204008FA782 /* Products */;
			projectDirPath = "";
			projectRoot = "";
			targets = (
				607FACCF1AFB9204008FA782 /* Malert_Example */,
			);
		};
/* End PBXProject section */

/* Begin PBXResourcesBuildPhase section */
		607FACCE1AFB9204008FA782 /* Resources */ = {
			isa = PBXResourcesBuildPhase;
			buildActionMask = 2147483647;
			files = (
				607FACE01AFB9204008FA782 /* LaunchScreen.xib in Resources */,
				FC8F3A912101144000189BFC /* Example4View.xib in Resources */,
				FC2182301DE4EB0B003F99AE /* FirstCustomView.xib in Resources */,
				FC8F3A96210146A600189BFC /* Example5View.xib in Resources */,
				607FACDD1AFB9204008FA782 /* Images.xcassets in Resources */,
				FCDF1D7A20FE476C00EEBFE9 /* Example3View.xib in Resources */,
				FCB2052B20FBF09F009EB2BC /* ExampleTableViewCell.xib in Resources */,
				FC87D8F1213725990006A7EF /* Example9TableViewCell.xib in Resources */,
				FC0D8426210B7E770044EF5C /* Example8View.xib in Resources */,
				FCD67879210A6FB80012DFD2 /* Example7View.xib in Resources */,
				FCDF1D6D20FE21EA00EEBFE9 /* Example2View.xib in Resources */,
			);
			runOnlyForDeploymentPostprocessing = 0;
		};
/* End PBXResourcesBuildPhase section */

/* Begin PBXShellScriptBuildPhase section */
		40710F1BD67382F46EF36769 /* [CP] Check Pods Manifest.lock */ = {
			isa = PBXShellScriptBuildPhase;
			buildActionMask = 2147483647;
			files = (
			);
			inputPaths = (
				"${PODS_PODFILE_DIR_PATH}/Podfile.lock",
				"${PODS_ROOT}/Manifest.lock",
			);
			name = "[CP] Check Pods Manifest.lock";
			outputPaths = (
				"$(DERIVED_FILE_DIR)/Pods-Malert_Example-checkManifestLockResult.txt",
			);
			runOnlyForDeploymentPostprocessing = 0;
			shellPath = /bin/sh;
			shellScript = "diff \"${PODS_PODFILE_DIR_PATH}/Podfile.lock\" \"${PODS_ROOT}/Manifest.lock\" > /dev/null\nif [ $? != 0 ] ; then\n    # print error to STDERR\n    echo \"error: The sandbox is not in sync with the Podfile.lock. Run 'pod install' or update your CocoaPods installation.\" >&2\n    exit 1\nfi\n# This output is used by Xcode 'outputs' to avoid re-running this script phase.\necho \"SUCCESS\" > \"${SCRIPT_OUTPUT_FILE_0}\"\n";
			showEnvVarsInLog = 0;
		};
		9F1A9335C3FCF99282245E90 /* [CP] Embed Pods Frameworks */ = {
			isa = PBXShellScriptBuildPhase;
			buildActionMask = 2147483647;
			files = (
			);
			inputPaths = (
				"${PODS_ROOT}/Target Support Files/Pods-Malert_Example/Pods-Malert_Example-frameworks.sh",
				"${BUILT_PRODUCTS_DIR}/Malert/Malert.framework",
			);
			name = "[CP] Embed Pods Frameworks";
			outputPaths = (
				"${TARGET_BUILD_DIR}/${FRAMEWORKS_FOLDER_PATH}/Malert.framework",
			);
			runOnlyForDeploymentPostprocessing = 0;
			shellPath = /bin/sh;
			shellScript = "\"${PODS_ROOT}/Target Support Files/Pods-Malert_Example/Pods-Malert_Example-frameworks.sh\"\n";
			showEnvVarsInLog = 0;
		};
/* End PBXShellScriptBuildPhase section */

/* Begin PBXSourcesBuildPhase section */
		607FACCC1AFB9204008FA782 /* Sources */ = {
			isa = PBXSourcesBuildPhase;
			buildActionMask = 2147483647;
			files = (
				FCB2051E20FBEB5E009EB2BC /* BaseNavigationController.swift in Sources */,
				FCB2052620FBEC86009EB2BC /* Colors.swift in Sources */,
				FCDF1D7820FE476600EEBFE9 /* Example3View.swift in Sources */,
				FC0EA23A1E6A2C9100F3A527 /* CHANGELOG.md in Sources */,
				FCB2052120FBEB9C009EB2BC /* BaseViewController.swift in Sources */,
				FC8F3A942101469D00189BFC /* Example5View.swift in Sources */,
				FC8F3A8F2101143700189BFC /* Example4View.swift in Sources */,
				FCB2052420FBEBCB009EB2BC /* ListExamplesViewController.swift in Sources */,
				FC87D8F0213725990006A7EF /* Example9TableViewCell.swift in Sources */,
				FCB2052A20FBF09F009EB2BC /* ExampleTableViewCell.swift in Sources */,
				FCDF1D6B20FE21C100EEBFE9 /* Example2View.swift in Sources */,
				FC87D8ED213716EE0006A7EF /* Example9View.swift in Sources */,
				607FACD61AFB9204008FA782 /* AppDelegate.swift in Sources */,
				FC2182321DE4EB29003F99AE /* FirstCustomView.swift in Sources */,
				FCA4774D1DE6540D00AC9B3C /* Helper.swift in Sources */,
				FC881B2A20FF9CB20030629F /* ListExamples.swift in Sources */,
				FC0D8424210B7E6D0044EF5C /* Example8View.swift in Sources */,
				FCD67877210A6FA90012DFD2 /* Example7View.swift in Sources */,
			);
			runOnlyForDeploymentPostprocessing = 0;
		};
/* End PBXSourcesBuildPhase section */

/* Begin PBXVariantGroup section */
		607FACDE1AFB9204008FA782 /* LaunchScreen.xib */ = {
			isa = PBXVariantGroup;
			children = (
				607FACDF1AFB9204008FA782 /* Base */,
			);
			name = LaunchScreen.xib;
			sourceTree = "<group>";
		};
/* End PBXVariantGroup section */

/* Begin XCBuildConfiguration section */
		607FACED1AFB9204008FA782 /* Debug */ = {
			isa = XCBuildConfiguration;
			buildSettings = {
				ALWAYS_SEARCH_USER_PATHS = NO;
				CLANG_CXX_LANGUAGE_STANDARD = "gnu++0x";
				CLANG_CXX_LIBRARY = "libc++";
				CLANG_ENABLE_MODULES = YES;
				CLANG_ENABLE_OBJC_ARC = YES;
				CLANG_WARN_BLOCK_CAPTURE_AUTORELEASING = YES;
				CLANG_WARN_BOOL_CONVERSION = YES;
				CLANG_WARN_COMMA = YES;
				CLANG_WARN_CONSTANT_CONVERSION = YES;
				CLANG_WARN_DEPRECATED_OBJC_IMPLEMENTATIONS = YES;
				CLANG_WARN_DIRECT_OBJC_ISA_USAGE = YES_ERROR;
				CLANG_WARN_EMPTY_BODY = YES;
				CLANG_WARN_ENUM_CONVERSION = YES;
				CLANG_WARN_INFINITE_RECURSION = YES;
				CLANG_WARN_INT_CONVERSION = YES;
				CLANG_WARN_NON_LITERAL_NULL_CONVERSION = YES;
				CLANG_WARN_OBJC_IMPLICIT_RETAIN_SELF = YES;
				CLANG_WARN_OBJC_LITERAL_CONVERSION = YES;
				CLANG_WARN_OBJC_ROOT_CLASS = YES_ERROR;
				CLANG_WARN_RANGE_LOOP_ANALYSIS = YES;
				CLANG_WARN_STRICT_PROTOTYPES = YES;
				CLANG_WARN_SUSPICIOUS_MOVE = YES;
				CLANG_WARN_UNREACHABLE_CODE = YES;
				CLANG_WARN__DUPLICATE_METHOD_MATCH = YES;
				"CODE_SIGN_IDENTITY[sdk=iphoneos*]" = "iPhone Developer";
				COPY_PHASE_STRIP = NO;
				DEBUG_INFORMATION_FORMAT = "dwarf-with-dsym";
				ENABLE_STRICT_OBJC_MSGSEND = YES;
				ENABLE_TESTABILITY = YES;
				GCC_C_LANGUAGE_STANDARD = gnu99;
				GCC_DYNAMIC_NO_PIC = NO;
				GCC_NO_COMMON_BLOCKS = YES;
				GCC_OPTIMIZATION_LEVEL = 0;
				GCC_PREPROCESSOR_DEFINITIONS = (
					"DEBUG=1",
					"$(inherited)",
				);
				GCC_SYMBOLS_PRIVATE_EXTERN = NO;
				GCC_WARN_64_TO_32_BIT_CONVERSION = YES;
				GCC_WARN_ABOUT_RETURN_TYPE = YES_ERROR;
				GCC_WARN_UNDECLARED_SELECTOR = YES;
				GCC_WARN_UNINITIALIZED_AUTOS = YES_AGGRESSIVE;
				GCC_WARN_UNUSED_FUNCTION = YES;
				GCC_WARN_UNUSED_VARIABLE = YES;
				IPHONEOS_DEPLOYMENT_TARGET = 10.0;
				MTL_ENABLE_DEBUG_INFO = YES;
				ONLY_ACTIVE_ARCH = YES;
				SDKROOT = iphoneos;
				SWIFT_OPTIMIZATION_LEVEL = "-Onone";
			};
			name = Debug;
		};
		607FACEE1AFB9204008FA782 /* Release */ = {
			isa = XCBuildConfiguration;
			buildSettings = {
				ALWAYS_SEARCH_USER_PATHS = NO;
				CLANG_CXX_LANGUAGE_STANDARD = "gnu++0x";
				CLANG_CXX_LIBRARY = "libc++";
				CLANG_ENABLE_MODULES = YES;
				CLANG_ENABLE_OBJC_ARC = YES;
				CLANG_WARN_BLOCK_CAPTURE_AUTORELEASING = YES;
				CLANG_WARN_BOOL_CONVERSION = YES;
				CLANG_WARN_COMMA = YES;
				CLANG_WARN_CONSTANT_CONVERSION = YES;
				CLANG_WARN_DEPRECATED_OBJC_IMPLEMENTATIONS = YES;
				CLANG_WARN_DIRECT_OBJC_ISA_USAGE = YES_ERROR;
				CLANG_WARN_EMPTY_BODY = YES;
				CLANG_WARN_ENUM_CONVERSION = YES;
				CLANG_WARN_INFINITE_RECURSION = YES;
				CLANG_WARN_INT_CONVERSION = YES;
				CLANG_WARN_NON_LITERAL_NULL_CONVERSION = YES;
				CLANG_WARN_OBJC_IMPLICIT_RETAIN_SELF = YES;
				CLANG_WARN_OBJC_LITERAL_CONVERSION = YES;
				CLANG_WARN_OBJC_ROOT_CLASS = YES_ERROR;
				CLANG_WARN_RANGE_LOOP_ANALYSIS = YES;
				CLANG_WARN_STRICT_PROTOTYPES = YES;
				CLANG_WARN_SUSPICIOUS_MOVE = YES;
				CLANG_WARN_UNREACHABLE_CODE = YES;
				CLANG_WARN__DUPLICATE_METHOD_MATCH = YES;
				"CODE_SIGN_IDENTITY[sdk=iphoneos*]" = "iPhone Developer";
				COPY_PHASE_STRIP = NO;
				DEBUG_INFORMATION_FORMAT = "dwarf-with-dsym";
				ENABLE_NS_ASSERTIONS = NO;
				ENABLE_STRICT_OBJC_MSGSEND = YES;
				GCC_C_LANGUAGE_STANDARD = gnu99;
				GCC_NO_COMMON_BLOCKS = YES;
				GCC_WARN_64_TO_32_BIT_CONVERSION = YES;
				GCC_WARN_ABOUT_RETURN_TYPE = YES_ERROR;
				GCC_WARN_UNDECLARED_SELECTOR = YES;
				GCC_WARN_UNINITIALIZED_AUTOS = YES_AGGRESSIVE;
				GCC_WARN_UNUSED_FUNCTION = YES;
				GCC_WARN_UNUSED_VARIABLE = YES;
				IPHONEOS_DEPLOYMENT_TARGET = 10.0;
				MTL_ENABLE_DEBUG_INFO = NO;
				SDKROOT = iphoneos;
				SWIFT_OPTIMIZATION_LEVEL = "-Owholemodule";
				VALIDATE_PRODUCT = YES;
			};
			name = Release;
		};
		607FACF01AFB9204008FA782 /* Debug */ = {
			isa = XCBuildConfiguration;
			baseConfigurationReference = 83E23EA6345EA39F3D02EEAE /* Pods-Malert_Example.debug.xcconfig */;
			buildSettings = {
				ALWAYS_EMBED_SWIFT_STANDARD_LIBRARIES = "$(inherited)";
				ASSETCATALOG_COMPILER_APPICON_NAME = AppIcon;
				CODE_SIGN_IDENTITY = "iPhone Developer";
				CODE_SIGN_STYLE = Automatic;
				DEVELOPMENT_TEAM = KXWH4SC5H2;
				INFOPLIST_FILE = Malert/Info.plist;
				IPHONEOS_DEPLOYMENT_TARGET = 11.0;
				LD_RUNPATH_SEARCH_PATHS = "$(inherited) @executable_path/Frameworks";
				MODULE_NAME = ExampleApp;
				PRODUCT_BUNDLE_IDENTIFIER = com.mesquita.malert;
				PRODUCT_NAME = "$(TARGET_NAME)";
				PROVISIONING_PROFILE_SPECIFIER = "";
				SWIFT_SWIFT3_OBJC_INFERENCE = Default;
				SWIFT_VERSION = 5.0;
			};
			name = Debug;
		};
		607FACF11AFB9204008FA782 /* Release */ = {
			isa = XCBuildConfiguration;
			baseConfigurationReference = E20E16402CA0CDAB7FEB9383 /* Pods-Malert_Example.release.xcconfig */;
			buildSettings = {
				ALWAYS_EMBED_SWIFT_STANDARD_LIBRARIES = "$(inherited)";
				ASSETCATALOG_COMPILER_APPICON_NAME = AppIcon;
				CODE_SIGN_IDENTITY = "iPhone Developer";
				CODE_SIGN_STYLE = Automatic;
				DEVELOPMENT_TEAM = KXWH4SC5H2;
				INFOPLIST_FILE = Malert/Info.plist;
				IPHONEOS_DEPLOYMENT_TARGET = 11.0;
				LD_RUNPATH_SEARCH_PATHS = "$(inherited) @executable_path/Frameworks";
				MODULE_NAME = ExampleApp;
				PRODUCT_BUNDLE_IDENTIFIER = com.mesquita.malert;
				PRODUCT_NAME = "$(TARGET_NAME)";
				PROVISIONING_PROFILE_SPECIFIER = "";
				SWIFT_SWIFT3_OBJC_INFERENCE = Default;
				SWIFT_VERSION = 5.0;
			};
			name = Release;
		};
/* End XCBuildConfiguration section */

/* Begin XCConfigurationList section */
		607FACCB1AFB9204008FA782 /* Build configuration list for PBXProject "Malert" */ = {
			isa = XCConfigurationList;
			buildConfigurations = (
				607FACED1AFB9204008FA782 /* Debug */,
				607FACEE1AFB9204008FA782 /* Release */,
			);
			defaultConfigurationIsVisible = 0;
			defaultConfigurationName = Release;
		};
		607FACEF1AFB9204008FA782 /* Build configuration list for PBXNativeTarget "Malert_Example" */ = {
			isa = XCConfigurationList;
			buildConfigurations = (
				607FACF01AFB9204008FA782 /* Debug */,
				607FACF11AFB9204008FA782 /* Release */,
			);
			defaultConfigurationIsVisible = 0;
			defaultConfigurationName = Release;
		};
/* End XCConfigurationList section */
	};
	rootObject = 607FACC81AFB9204008FA782 /* Project object */;
}
